
Microsoft Visual Studio Solution File, Format Version 12.00
# Visual Studio 15
VisualStudioVersion = 15.0.28307.572
MinimumVisualStudioVersion = 10.0.40219.1
Project("{8BC9CEB8-8B4A-11D0-8D11-00A0C91BC942}") = "PixelToaster", "PixelToaster.vcxproj", "{8DEC7582-62EF-4108-AB51-BB37A9BFFF56}"
EndProject
Project("{8BC9CEB8-8B4A-11D0-8D11-00A0C91BC942}") = "ExampleFloatingPoint", "ExampleFloatingPoint.vcxproj", "{8DEC7582-62EF-4108-AB51-BB37A9BF1234}"
EndProject
Project("{8BC9CEB8-8B4A-11D0-8D11-00A0C91BC942}") = "ExampleFullscreen", "ExampleFullscreen.vcxproj", "{8DEC7582-62EF-4108-AB51-BB37A9BF1200}"
EndProject
Project("{8BC9CEB8-8B4A-11D0-8D11-00A0C91BC942}") = "ExampleImage", "ExampleImage.vcxproj", "{8DEC7582-62EF-4108-AB51-BB37A9BF1201}"
EndProject
Project("{8BC9CEB8-8B4A-11D0-8D11-00A0C91BC942}") = "ExampleKeyboardAndMouse", "ExampleKeyboardAndMouse.vcxproj", "{8DEC7582-62EF-4108-AB51-BB37A9BF1202}"
EndProject
Project("{8BC9CEB8-8B4A-11D0-8D11-00A0C91BC942}") = "ExampleTimer", "ExampleTimer.vcxproj", "{8DEC7582-62EF-4108-AB51-BB37A9BF1203}"
EndProject
Project("{8BC9CEB8-8B4A-11D0-8D11-00A0C91BC942}") = "ExampleTrueColor", "ExampleTrueColor.vcxproj", "{B3A51BAA-E4AB-47D0-832E-D5DBB21FD004}"
EndProject
Project("{8BC9CEB8-8B4A-11D0-8D11-00A0C91BC942}") = "Test", "Test.vcxproj", "{8DEC7582-62EF-4108-AB51-BB37A9BF1206}"
EndProject
Project("{8BC9CEB8-8B4A-11D0-8D11-00A0C91BC942}") = "Profile", "Profile.vcxproj", "{8DEC7582-62EF-4108-AB51-BB37A9BF1205}"
EndProject
Project("{8BC9CEB8-8B4A-11D0-8D11-00A0C91BC942}") = "ExampleMultiDisplay", "ExampleMultiDisplay.vcxproj", "{8DEC7582-62EF-4108-AB51-BB37A9BF1923}"
EndProject
Global
	GlobalSection(SolutionConfigurationPlatforms) = preSolution
		Debug|Win32 = Debug|Win32
		Release|Win32 = Release|Win32
	EndGlobalSection
	GlobalSection(ProjectConfigurationPlatforms) = postSolution
		{8DEC7582-62EF-4108-AB51-BB37A9BFFF56}.Debug|Win32.ActiveCfg = Debug|Win32
		{8DEC7582-62EF-4108-AB51-BB37A9BFFF56}.Debug|Win32.Build.0 = Debug|Win32
		{8DEC7582-62EF-4108-AB51-BB37A9BFFF56}.Release|Win32.ActiveCfg = Release|Win32
		{8DEC7582-62EF-4108-AB51-BB37A9BFFF56}.Release|Win32.Build.0 = Release|Win32
		{8DEC7582-62EF-4108-AB51-BB37A9BF1234}.Debug|Win32.ActiveCfg = Debug|Win32
		{8DEC7582-62EF-4108-AB51-BB37A9BF1234}.Debug|Win32.Build.0 = Debug|Win32
		{8DEC7582-62EF-4108-AB51-BB37A9BF1234}.Release|Win32.ActiveCfg = Release|Win32
		{8DEC7582-62EF-4108-AB51-BB37A9BF1234}.Release|Win32.Build.0 = Release|Win32
		{8DEC7582-62EF-4108-AB51-BB37A9BF1200}.Debug|Win32.ActiveCfg = Debug|Win32
		{8DEC7582-62EF-4108-AB51-BB37A9BF1200}.Debug|Win32.Build.0 = Debug|Win32
		{8DEC7582-62EF-4108-AB51-BB37A9BF1200}.Release|Win32.ActiveCfg = Release|Win32
		{8DEC7582-62EF-4108-AB51-BB37A9BF1200}.Release|Win32.Build.0 = Release|Win32
		{8DEC7582-62EF-4108-AB51-BB37A9BF1201}.Debug|Win32.ActiveCfg = Debug|Win32
		{8DEC7582-62EF-4108-AB51-BB37A9BF1201}.Debug|Win32.Build.0 = Debug|Win32
		{8DEC7582-62EF-4108-AB51-BB37A9BF1201}.Release|Win32.ActiveCfg = Release|Win32
		{8DEC7582-62EF-4108-AB51-BB37A9BF1201}.Release|Win32.Build.0 = Release|Win32
		{8DEC7582-62EF-4108-AB51-BB37A9BF1202}.Debug|Win32.ActiveCfg = Debug|Win32
		{8DEC7582-62EF-4108-AB51-BB37A9BF1202}.Debug|Win32.Build.0 = Debug|Win32
		{8DEC7582-62EF-4108-AB51-BB37A9BF1202}.Release|Win32.ActiveCfg = Release|Win32
		{8DEC7582-62EF-4108-AB51-BB37A9BF1202}.Release|Win32.Build.0 = Release|Win32
		{8DEC7582-62EF-4108-AB51-BB37A9BF1203}.Debug|Win32.ActiveCfg = Debug|Win32
		{8DEC7582-62EF-4108-AB51-BB37A9BF1203}.Debug|Win32.Build.0 = Debug|Win32
		{8DEC7582-62EF-4108-AB51-BB37A9BF1203}.Release|Win32.ActiveCfg = Release|Win32
		{8DEC7582-62EF-4108-AB51-BB37A9BF1203}.Release|Win32.Build.0 = Release|Win32
		{B3A51BAA-E4AB-47D0-832E-D5DBB21FD004}.Debug|Win32.ActiveCfg = Debug|Win32
		{B3A51BAA-E4AB-47D0-832E-D5DBB21FD004}.Debug|Win32.Build.0 = Debug|Win32
		{B3A51BAA-E4AB-47D0-832E-D5DBB21FD004}.Release|Win32.ActiveCfg = Release|Win32
		{B3A51BAA-E4AB-47D0-832E-D5DBB21FD004}.Release|Win32.Build.0 = Release|Win32
		{8DEC7582-62EF-4108-AB51-BB37A9BF1206}.Debug|Win32.ActiveCfg = Debug|Win32
		{8DEC7582-62EF-4108-AB51-BB37A9BF1206}.Debug|Win32.Build.0 = Debug|Win32
		{8DEC7582-62EF-4108-AB51-BB37A9BF1206}.Release|Win32.ActiveCfg = Release|Win32
		{8DEC7582-62EF-4108-AB51-BB37A9BF1206}.Release|Win32.Build.0 = Release|Win32
		{8DEC7582-62EF-4108-AB51-BB37A9BF1205}.Debug|Win32.ActiveCfg = Debug|Win32
		{8DEC7582-62EF-4108-AB51-BB37A9BF1205}.Debug|Win32.Build.0 = Debug|Win32
		{8DEC7582-62EF-4108-AB51-BB37A9BF1205}.Release|Win32.ActiveCfg = Release|Win32
		{8DEC7582-62EF-4108-AB51-BB37A9BF1205}.Release|Win32.Build.0 = Release|Win32
		{8DEC7582-62EF-4108-AB51-BB37A9BF1923}.Debug|Win32.ActiveCfg = Debug|Win32
		{8DEC7582-62EF-4108-AB51-BB37A9BF1923}.Debug|Win32.Build.0 = Debug|Win32
		{8DEC7582-62EF-4108-AB51-BB37A9BF1923}.Release|Win32.ActiveCfg = Release|Win32
		{8DEC7582-62EF-4108-AB51-BB37A9BF1923}.Release|Win32.Build.0 = Release|Win32
	EndGlobalSection
	GlobalSection(SolutionProperties) = preSolution
		HideSolutionNode = FALSE
	EndGlobalSection
	GlobalSection(ExtensibilityGlobals) = postSolution
		SolutionGuid = {DC95D6E9-F3C2-41E1-8E05-9EC8A3A4B28D}
	EndGlobalSection
EndGlobal
